
Microsoft Visual Studio Solution File, Format Version 12.00
Project("{2150E333-8FDC-42A3-9474-1A3956D46DE8}") = "src", "src", "{9CF61A6D-939D-4BFD-8C12-50063487B7A4}"
EndProject
Project("{FAE04EC0-301F-11D3-BF4B-00C04F79EFBC}") = "Zoo.Api", "src\Zoo.Api\Zoo.Api.csproj", "{7F99E8AD-88D6-452E-A0DE-88175984E332}"
EndProject
Project("{FAE04EC0-301F-11D3-BF4B-00C04F79EFBC}") = "Zoo.Data", "src\Zoo.Data\Zoo.Data.csproj", "{4087B4D1-29E6-4416-8562-E96B998E6837}"
EndProject
Project("{FAE04EC0-301F-11D3-BF4B-00C04F79EFBC}") = "Zoo.Application", "src\Zoo.Application\Zoo.Application.csproj", "{D6079802-0E01-40AB-9299-0DCAABB4FB0C}"
EndProject
Project("{FAE04EC0-301F-11D3-BF4B-00C04F79EFBC}") = "Zoo.IoC", "src\Zoo.IoC\Zoo.IoC.csproj", "{2F201BAB-DEA6-4009-8CA6-B58FC5586F54}"
EndProject
Project("{FAE04EC0-301F-11D3-BF4B-00C04F79EFBC}") = "Zoo.Domain", "src\Zoo.Domain\Zoo.Domain.csproj", "{0F524C01-0D2A-4602-B5B6-110B52C8D1A9}"
EndProject
Global
	GlobalSection(SolutionConfigurationPlatforms) = preSolution
		Debug|Any CPU = Debug|Any CPU
		Release|Any CPU = Release|Any CPU
	EndGlobalSection
	GlobalSection(NestedProjects) = preSolution
		{7F99E8AD-88D6-452E-A0DE-88175984E332} = {9CF61A6D-939D-4BFD-8C12-50063487B7A4}
		{4087B4D1-29E6-4416-8562-E96B998E6837} = {9CF61A6D-939D-4BFD-8C12-50063487B7A4}
		{D6079802-0E01-40AB-9299-0DCAABB4FB0C} = {9CF61A6D-939D-4BFD-8C12-50063487B7A4}
		{2F201BAB-DEA6-4009-8CA6-B58FC5586F54} = {9CF61A6D-939D-4BFD-8C12-50063487B7A4}
		{0F524C01-0D2A-4602-B5B6-110B52C8D1A9} = {9CF61A6D-939D-4BFD-8C12-50063487B7A4}
	EndGlobalSection
	GlobalSection(ProjectConfigurationPlatforms) = postSolution
		{7F99E8AD-88D6-452E-A0DE-88175984E332}.Debug|Any CPU.ActiveCfg = Debug|Any CPU
		{7F99E8AD-88D6-452E-A0DE-88175984E332}.Debug|Any CPU.Build.0 = Debug|Any CPU
		{7F99E8AD-88D6-452E-A0DE-88175984E332}.Release|Any CPU.ActiveCfg = Release|Any CPU
		{7F99E8AD-88D6-452E-A0DE-88175984E332}.Release|Any CPU.Build.0 = Release|Any CPU
		{4087B4D1-29E6-4416-8562-E96B998E6837}.Debug|Any CPU.ActiveCfg = Debug|Any CPU
		{4087B4D1-29E6-4416-8562-E96B998E6837}.Debug|Any CPU.Build.0 = Debug|Any CPU
		{4087B4D1-29E6-4416-8562-E96B998E6837}.Release|Any CPU.ActiveCfg = Release|Any CPU
		{4087B4D1-29E6-4416-8562-E96B998E6837}.Release|Any CPU.Build.0 = Release|Any CPU
		{D6079802-0E01-40AB-9299-0DCAABB4FB0C}.Debug|Any CPU.ActiveCfg = Debug|Any CPU
		{D6079802-0E01-40AB-9299-0DCAABB4FB0C}.Debug|Any CPU.Build.0 = Debug|Any CPU
		{D6079802-0E01-40AB-9299-0DCAABB4FB0C}.Release|Any CPU.ActiveCfg = Release|Any CPU
		{D6079802-0E01-40AB-9299-0DCAABB4FB0C}.Release|Any CPU.Build.0 = Release|Any CPU
		{2F201BAB-DEA6-4009-8CA6-B58FC5586F54}.Debug|Any CPU.ActiveCfg = Debug|Any CPU
		{2F201BAB-DEA6-4009-8CA6-B58FC5586F54}.Debug|Any CPU.Build.0 = Debug|Any CPU
		{2F201BAB-DEA6-4009-8CA6-B58FC5586F54}.Release|Any CPU.ActiveCfg = Release|Any CPU
		{2F201BAB-DEA6-4009-8CA6-B58FC5586F54}.Release|Any CPU.Build.0 = Release|Any CPU
		{0F524C01-0D2A-4602-B5B6-110B52C8D1A9}.Debug|Any CPU.ActiveCfg = Debug|Any CPU
		{0F524C01-0D2A-4602-B5B6-110B52C8D1A9}.Debug|Any CPU.Build.0 = Debug|Any CPU
		{0F524C01-0D2A-4602-B5B6-110B52C8D1A9}.Release|Any CPU.ActiveCfg = Release|Any CPU
		{0F524C01-0D2A-4602-B5B6-110B52C8D1A9}.Release|Any CPU.Build.0 = Release|Any CPU
	EndGlobalSection
EndGlobal
